
Microsoft Visual Studio Solution File, Format Version 12.00
# Visual Studio Version 17
VisualStudioVersion = 17.8.34309.116
MinimumVisualStudioVersion = 10.0.40219.1
Project("{9A19103F-16F7-4668-BE54-9A1E7A4F7556}") = "DayOne", "DayOne\DayOne.csproj", "{9C3A7920-8D4E-47DB-A905-66689E6722DD}"
EndProject
Project("{FAE04EC0-301F-11D3-BF4B-00C04F79EFBC}") = "DayTwo", "DayTwo\DayTwo.csproj", "{8430DEB2-6214-4FB9-9B27-A3819BF71649}"
EndProject
Project("{FAE04EC0-301F-11D3-BF4B-00C04F79EFBC}") = "DayThree", "DayThree\DayThree.csproj", "{828F208C-D453-42AA-ABA8-B63BC43D8937}"
EndProject
Global
	GlobalSection(SolutionConfigurationPlatforms) = preSolution
		Debug|Any CPU = Debug|Any CPU
		Release|Any CPU = Release|Any CPU
	EndGlobalSection
	GlobalSection(ProjectConfigurationPlatforms) = postSolution
		{9C3A7920-8D4E-47DB-A905-66689E6722DD}.Debug|Any CPU.ActiveCfg = Debug|Any CPU
		{9C3A7920-8D4E-47DB-A905-66689E6722DD}.Debug|Any CPU.Build.0 = Debug|Any CPU
		{9C3A7920-8D4E-47DB-A905-66689E6722DD}.Release|Any CPU.ActiveCfg = Release|Any CPU
		{9C3A7920-8D4E-47DB-A905-66689E6722DD}.Release|Any CPU.Build.0 = Release|Any CPU
		{8430DEB2-6214-4FB9-9B27-A3819BF71649}.Debug|Any CPU.ActiveCfg = Debug|Any CPU
		{8430DEB2-6214-4FB9-9B27-A3819BF71649}.Debug|Any CPU.Build.0 = Debug|Any CPU
		{8430DEB2-6214-4FB9-9B27-A3819BF71649}.Release|Any CPU.ActiveCfg = Release|Any CPU
		{8430DEB2-6214-4FB9-9B27-A3819BF71649}.Release|Any CPU.Build.0 = Release|Any CPU
		{828F208C-D453-42AA-ABA8-B63BC43D8937}.Debug|Any CPU.ActiveCfg = Debug|Any CPU
		{828F208C-D453-42AA-ABA8-B63BC43D8937}.Debug|Any CPU.Build.0 = Debug|Any CPU
		{828F208C-D453-42AA-ABA8-B63BC43D8937}.Release|Any CPU.ActiveCfg = Release|Any CPU
		{828F208C-D453-42AA-ABA8-B63BC43D8937}.Release|Any CPU.Build.0 = Release|Any CPU
	EndGlobalSection
	GlobalSection(SolutionProperties) = preSolution
		HideSolutionNode = FALSE
	EndGlobalSection
	GlobalSection(ExtensibilityGlobals) = postSolution
		SolutionGuid = {23689B59-58EA-4AF2-9166-7ED5F45F8E2C}
	EndGlobalSection
EndGlobal
